// !$*UTF8*$!
{
	archiveVersion = 1;
	classes = {
	};
	objectVersion = 46;
	objects = {

/* Begin PBXBuildFile section */
		183C5CB71B60259B0013AEB8 /* main.m in Sources */ = {isa = PBXBuildFile; fileRef = 183C5CB61B60259B0013AEB8 /* main.m */; };
		183C5CBA1B60259B0013AEB8 /* AppDelegate.m in Sources */ = {isa = PBXBuildFile; fileRef = 183C5CB91B60259B0013AEB8 /* AppDelegate.m */; };
		183C5CBD1B60259B0013AEB8 /* ViewController.m in Sources */ = {isa = PBXBuildFile; fileRef = 183C5CBC1B60259B0013AEB8 /* ViewController.m */; };
		183C5CC01B60259B0013AEB8 /* Main.storyboard in Resources */ = {isa = PBXBuildFile; fileRef = 183C5CBE1B60259B0013AEB8 /* Main.storyboard */; };
		183C5CC21B60259B0013AEB8 /* Images.xcassets in Resources */ = {isa = PBXBuildFile; fileRef = 183C5CC11B60259B0013AEB8 /* Images.xcassets */; };
		183C5CC51B60259B0013AEB8 /* LaunchScreen.xib in Resources */ = {isa = PBXBuildFile; fileRef = 183C5CC31B60259B0013AEB8 /* LaunchScreen.xib */; };
		183C5CD11B60259B0013AEB8 /* WeatherClassTests.m in Sources */ = {isa = PBXBuildFile; fileRef = 183C5CD01B60259B0013AEB8 /* WeatherClassTests.m */; };
		E2164793EC324E54748F3B45 /* libPods-WeatherClass.a in Frameworks */ = {isa = PBXBuildFile; fileRef = CFFD4F618160DF35F29BD02C /* libPods-WeatherClass.a */; };
/* End PBXBuildFile section */

/* Begin PBXContainerItemProxy section */
		183C5CCB1B60259B0013AEB8 /* PBXContainerItemProxy */ = {
			isa = PBXContainerItemProxy;
			containerPortal = 183C5CA91B60259A0013AEB8 /* Project object */;
			proxyType = 1;
			remoteGlobalIDString = 183C5CB01B60259A0013AEB8;
			remoteInfo = WeatherClass;
		};
/* End PBXContainerItemProxy section */

/* Begin PBXFileReference section */
		183C5CB11B60259A0013AEB8 /* WeatherClass.app */ = {isa = PBXFileReference; explicitFileType = wrapper.application; includeInIndex = 0; path = WeatherClass.app; sourceTree = BUILT_PRODUCTS_DIR; };
		183C5CB51B60259B0013AEB8 /* Info.plist */ = {isa = PBXFileReference; lastKnownFileType = text.plist.xml; path = Info.plist; sourceTree = "<group>"; };
		183C5CB61B60259B0013AEB8 /* main.m */ = {isa = PBXFileReference; lastKnownFileType = sourcecode.c.objc; path = main.m; sourceTree = "<group>"; };
		183C5CB81B60259B0013AEB8 /* AppDelegate.h */ = {isa = PBXFileReference; lastKnownFileType = sourcecode.c.h; path = AppDelegate.h; sourceTree = "<group>"; };
		183C5CB91B60259B0013AEB8 /* AppDelegate.m */ = {isa = PBXFileReference; lastKnownFileType = sourcecode.c.objc; path = AppDelegate.m; sourceTree = "<group>"; };
		183C5CBB1B60259B0013AEB8 /* ViewController.h */ = {isa = PBXFileReference; lastKnownFileType = sourcecode.c.h; path = ViewController.h; sourceTree = "<group>"; };
		183C5CBC1B60259B0013AEB8 /* ViewController.m */ = {isa = PBXFileReference; lastKnownFileType = sourcecode.c.objc; path = ViewController.m; sourceTree = "<group>"; };
		183C5CBF1B60259B0013AEB8 /* Base */ = {isa = PBXFileReference; lastKnownFileType = file.storyboard; name = Base; path = Base.lproj/Main.storyboard; sourceTree = "<group>"; };
		183C5CC11B60259B0013AEB8 /* Images.xcassets */ = {isa = PBXFileReference; lastKnownFileType = folder.assetcatalog; path = Images.xcassets; sourceTree = "<group>"; };
		183C5CC41B60259B0013AEB8 /* Base */ = {isa = PBXFileReference; lastKnownFileType = file.xib; name = Base; path = Base.lproj/LaunchScreen.xib; sourceTree = "<group>"; };
		183C5CCA1B60259B0013AEB8 /* WeatherClassTests.xctest */ = {isa = PBXFileReference; explicitFileType = wrapper.cfbundle; includeInIndex = 0; path = WeatherClassTests.xctest; sourceTree = BUILT_PRODUCTS_DIR; };
		183C5CCF1B60259B0013AEB8 /* Info.plist */ = {isa = PBXFileReference; lastKnownFileType = text.plist.xml; path = Info.plist; sourceTree = "<group>"; };
		183C5CD01B60259B0013AEB8 /* WeatherClassTests.m */ = {isa = PBXFileReference; lastKnownFileType = sourcecode.c.objc; path = WeatherClassTests.m; sourceTree = "<group>"; };
		231A5C35377F5E74674E2839 /* Pods-WeatherClass.release.xcconfig */ = {isa = PBXFileReference; includeInIndex = 1; lastKnownFileType = text.xcconfig; name = "Pods-WeatherClass.release.xcconfig"; path = "Pods/Target Support Files/Pods-WeatherClass/Pods-WeatherClass.release.xcconfig"; sourceTree = "<group>"; };
		BEF1A6ED0DB99408117B24C3 /* Pods-WeatherClass.debug.xcconfig */ = {isa = PBXFileReference; includeInIndex = 1; lastKnownFileType = text.xcconfig; name = "Pods-WeatherClass.debug.xcconfig"; path = "Pods/Target Support Files/Pods-WeatherClass/Pods-WeatherClass.debug.xcconfig"; sourceTree = "<group>"; };
		CFFD4F618160DF35F29BD02C /* libPods-WeatherClass.a */ = {isa = PBXFileReference; explicitFileType = archive.ar; includeInIndex = 0; path = "libPods-WeatherClass.a"; sourceTree = BUILT_PRODUCTS_DIR; };
/* End PBXFileReference section */

/* Begin PBXFrameworksBuildPhase section */
		183C5CAE1B60259A0013AEB8 /* Frameworks */ = {
			isa = PBXFrameworksBuildPhase;
			buildActionMask = 2147483647;
			files = (
				E2164793EC324E54748F3B45 /* libPods-WeatherClass.a in Frameworks */,
			);
			runOnlyForDeploymentPostprocessing = 0;
		};
		183C5CC71B60259B0013AEB8 /* Frameworks */ = {
			isa = PBXFrameworksBuildPhase;
			buildActionMask = 2147483647;
			files = (
			);
			runOnlyForDeploymentPostprocessing = 0;
		};
/* End PBXFrameworksBuildPhase section */

/* Begin PBXGroup section */
		183C5CA81B60259A0013AEB8 = {
			isa = PBXGroup;
			children = (
				183C5CB31B60259A0013AEB8 /* WeatherClass */,
				183C5CCD1B60259B0013AEB8 /* WeatherClassTests */,
				183C5CB21B60259A0013AEB8 /* Products */,
				CB1BC53E5FAB8B03C3D97DE1 /* Pods */,
				2B2DFD37DAEA6CF0774FDF55 /* Frameworks */,
			);
			sourceTree = "<group>";
		};
		183C5CB21B60259A0013AEB8 /* Products */ = {
			isa = PBXGroup;
			children = (
				183C5CB11B60259A0013AEB8 /* WeatherClass.app */,
				183C5CCA1B60259B0013AEB8 /* WeatherClassTests.xctest */,
			);
			name = Products;
			sourceTree = "<group>";
		};
		183C5CB31B60259A0013AEB8 /* WeatherClass */ = {
			isa = PBXGroup;
			children = (
				183C5CB81B60259B0013AEB8 /* AppDelegate.h */,
				183C5CB91B60259B0013AEB8 /* AppDelegate.m */,
				183C5CBB1B60259B0013AEB8 /* ViewController.h */,
				183C5CBC1B60259B0013AEB8 /* ViewController.m */,
				183C5CBE1B60259B0013AEB8 /* Main.storyboard */,
				183C5CC11B60259B0013AEB8 /* Images.xcassets */,
				183C5CC31B60259B0013AEB8 /* LaunchScreen.xib */,
				183C5CB41B60259B0013AEB8 /* Supporting Files */,
			);
			path = WeatherClass;
			sourceTree = "<group>";
		};
		183C5CB41B60259B0013AEB8 /* Supporting Files */ = {
			isa = PBXGroup;
			children = (
				183C5CB51B60259B0013AEB8 /* Info.plist */,
				183C5CB61B60259B0013AEB8 /* main.m */,
			);
			name = "Supporting Files";
			sourceTree = "<group>";
		};
		183C5CCD1B60259B0013AEB8 /* WeatherClassTests */ = {
			isa = PBXGroup;
			children = (
				183C5CD01B60259B0013AEB8 /* WeatherClassTests.m */,
				183C5CCE1B60259B0013AEB8 /* Supporting Files */,
			);
			path = WeatherClassTests;
			sourceTree = "<group>";
		};
		183C5CCE1B60259B0013AEB8 /* Supporting Files */ = {
			isa = PBXGroup;
			children = (
				183C5CCF1B60259B0013AEB8 /* Info.plist */,
			);
			name = "Supporting Files";
			sourceTree = "<group>";
		};
		2B2DFD37DAEA6CF0774FDF55 /* Frameworks */ = {
			isa = PBXGroup;
			children = (
				CFFD4F618160DF35F29BD02C /* libPods-WeatherClass.a */,
			);
			name = Frameworks;
			sourceTree = "<group>";
		};
		CB1BC53E5FAB8B03C3D97DE1 /* Pods */ = {
			isa = PBXGroup;
			children = (
				BEF1A6ED0DB99408117B24C3 /* Pods-WeatherClass.debug.xcconfig */,
				231A5C35377F5E74674E2839 /* Pods-WeatherClass.release.xcconfig */,
			);
			name = Pods;
			sourceTree = "<group>";
		};
/* End PBXGroup section */

/* Begin PBXNativeTarget section */
		183C5CB01B60259A0013AEB8 /* WeatherClass */ = {
			isa = PBXNativeTarget;
			buildConfigurationList = 183C5CD41B60259B0013AEB8 /* Build configuration list for PBXNativeTarget "WeatherClass" */;
			buildPhases = (
				61785A3E764F4CCDB7076B69 /* Check Pods Manifest.lock */,
				183C5CAD1B60259A0013AEB8 /* Sources */,
				183C5CAE1B60259A0013AEB8 /* Frameworks */,
				183C5CAF1B60259A0013AEB8 /* Resources */,
				32DCAAB3A046649075CEDAAB /* Copy Pods Resources */,
			);
			buildRules = (
			);
			dependencies = (
			);
			name = WeatherClass;
			productName = WeatherClass;
			productReference = 183C5CB11B60259A0013AEB8 /* WeatherClass.app */;
			productType = "com.apple.product-type.application";
		};
		183C5CC91B60259B0013AEB8 /* WeatherClassTests */ = {
			isa = PBXNativeTarget;
			buildConfigurationList = 183C5CD71B60259B0013AEB8 /* Build configuration list for PBXNativeTarget "WeatherClassTests" */;
			buildPhases = (
				183C5CC61B60259B0013AEB8 /* Sources */,
				183C5CC71B60259B0013AEB8 /* Frameworks */,
				183C5CC81B60259B0013AEB8 /* Resources */,
			);
			buildRules = (
			);
			dependencies = (
				183C5CCC1B60259B0013AEB8 /* PBXTargetDependency */,
			);
			name = WeatherClassTests;
			productName = WeatherClassTests;
			productReference = 183C5CCA1B60259B0013AEB8 /* WeatherClassTests.xctest */;
			productType = "com.apple.product-type.bundle.unit-test";
		};
/* End PBXNativeTarget section */

/* Begin PBXProject section */
		183C5CA91B60259A0013AEB8 /* Project object */ = {
			isa = PBXProject;
			attributes = {
				LastUpgradeCheck = 0630;
				ORGANIZATIONNAME = "Jitender Badlani";
				TargetAttributes = {
					183C5CB01B60259A0013AEB8 = {
						CreatedOnToolsVersion = 6.3;
					};
					183C5CC91B60259B0013AEB8 = {
						CreatedOnToolsVersion = 6.3;
						TestTargetID = 183C5CB01B60259A0013AEB8;
					};
				};
			};
			buildConfigurationList = 183C5CAC1B60259A0013AEB8 /* Build configuration list for PBXProject "WeatherClass" */;
			compatibilityVersion = "Xcode 3.2";
			developmentRegion = English;
			hasScannedForEncodings = 0;
			knownRegions = (
				en,
				Base,
			);
			mainGroup = 183C5CA81B60259A0013AEB8;
			productRefGroup = 183C5CB21B60259A0013AEB8 /* Products */;
			projectDirPath = "";
			projectRoot = "";
			targets = (
				183C5CB01B60259A0013AEB8 /* WeatherClass */,
				183C5CC91B60259B0013AEB8 /* WeatherClassTests */,
			);
		};
/* End PBXProject section */

/* Begin PBXResourcesBuildPhase section */
		183C5CAF1B60259A0013AEB8 /* Resources */ = {
			isa = PBXResourcesBuildPhase;
			buildActionMask = 2147483647;
			files = (
				183C5CC01B60259B0013AEB8 /* Main.storyboard in Resources */,
				183C5CC51B60259B0013AEB8 /* LaunchScreen.xib in Resources */,
				183C5CC21B60259B0013AEB8 /* Images.xcassets in Resources */,
			);
			runOnlyForDeploymentPostprocessing = 0;
		};
		183C5CC81B60259B0013AEB8 /* Resources */ = {
			isa = PBXResourcesBuildPhase;
			buildActionMask = 2147483647;
			files = (
			);
			runOnlyForDeploymentPostprocessing = 0;
		};
/* End PBXResourcesBuildPhase section */

/* Begin PBXShellScriptBuildPhase section */
		32DCAAB3A046649075CEDAAB /* Copy Pods Resources */ = {
			isa = PBXShellScriptBuildPhase;
			buildActionMask = 2147483647;
			files = (
			);
			inputPaths = (
			);
			name = "Copy Pods Resources";
			outputPaths = (
			);
			runOnlyForDeploymentPostprocessing = 0;
			shellPath = /bin/sh;
			shellScript = "\"${SRCROOT}/Pods/Target Support Files/Pods-WeatherClass/Pods-WeatherClass-resources.sh\"\n";
			showEnvVarsInLog = 0;
		};
		61785A3E764F4CCDB7076B69 /* Check Pods Manifest.lock */ = {
			isa = PBXShellScriptBuildPhase;
			buildActionMask = 2147483647;
			files = (
			);
			inputPaths = (
			);
			name = "Check Pods Manifest.lock";
			outputPaths = (
			);
			runOnlyForDeploymentPostprocessing = 0;
			shellPath = /bin/sh;
			shellScript = "diff \"${PODS_ROOT}/../Podfile.lock\" \"${PODS_ROOT}/Manifest.lock\" > /dev/null\nif [[ $? != 0 ]] ; then\n    cat << EOM\nerror: The sandbox is not in sync with the Podfile.lock. Run 'pod install' or update your CocoaPods installation.\nEOM\n    exit 1\nfi\n";
			showEnvVarsInLog = 0;
		};
/* End PBXShellScriptBuildPhase section */

/* Begin PBXSourcesBuildPhase section */
		183C5CAD1B60259A0013AEB8 /* Sources */ = {
			isa = PBXSourcesBuildPhase;
			buildActionMask = 2147483647;
			files = (
				183C5CBD1B60259B0013AEB8 /* ViewController.m in Sources */,
				183C5CBA1B60259B0013AEB8 /* AppDelegate.m in Sources */,
				183C5CB71B60259B0013AEB8 /* main.m in Sources */,
			);
			runOnlyForDeploymentPostprocessing = 0;
		};
		183C5CC61B60259B0013AEB8 /* Sources */ = {
			isa = PBXSourcesBuildPhase;
			buildActionMask = 2147483647;
			files = (
				183C5CD11B60259B0013AEB8 /* WeatherClassTests.m in Sources */,
			);
			runOnlyForDeploymentPostprocessing = 0;
		};
/* End PBXSourcesBuildPhase section */

/* Begin PBXTargetDependency section */
		183C5CCC1B60259B0013AEB8 /* PBXTargetDependency */ = {
			isa = PBXTargetDependency;
			target = 183C5CB01B60259A0013AEB8 /* WeatherClass */;
			targetProxy = 183C5CCB1B60259B0013AEB8 /* PBXContainerItemProxy */;
		};
/* End PBXTargetDependency section */

/* Begin PBXVariantGroup section */
		183C5CBE1B60259B0013AEB8 /* Main.storyboard */ = {
			isa = PBXVariantGroup;
			children = (
				183C5CBF1B60259B0013AEB8 /* Base */,
			);
			name = Main.storyboard;
			sourceTree = "<group>";
		};
		183C5CC31B60259B0013AEB8 /* LaunchScreen.xib */ = {
			isa = PBXVariantGroup;
			children = (
				183C5CC41B60259B0013AEB8 /* Base */,
			);
			name = LaunchScreen.xib;
			sourceTree = "<group>";
		};
/* End PBXVariantGroup section */

/* Begin XCBuildConfiguration section */
		183C5CD21B60259B0013AEB8 /* Debug */ = {
			isa = XCBuildConfiguration;
			buildSettings = {
				ALWAYS_SEARCH_USER_PATHS = NO;
				CLANG_CXX_LANGUAGE_STANDARD = "gnu++0x";
				CLANG_CXX_LIBRARY = "libc++";
				CLANG_ENABLE_MODULES = YES;
				CLANG_ENABLE_OBJC_ARC = YES;
				CLANG_WARN_BOOL_CONVERSION = YES;
				CLANG_WARN_CONSTANT_CONVERSION = YES;
				CLANG_WARN_DIRECT_OBJC_ISA_USAGE = YES_ERROR;
				CLANG_WARN_EMPTY_BODY = YES;
				CLANG_WARN_ENUM_CONVERSION = YES;
				CLANG_WARN_INT_CONVERSION = YES;
				CLANG_WARN_OBJC_ROOT_CLASS = YES_ERROR;
				CLANG_WARN_UNREACHABLE_CODE = YES;
				CLANG_WARN__DUPLICATE_METHOD_MATCH = YES;
				"CODE_SIGN_IDENTITY[sdk=iphoneos*]" = "iPhone Developer";
				COPY_PHASE_STRIP = NO;
				DEBUG_INFORMATION_FORMAT = "dwarf-with-dsym";
				ENABLE_STRICT_OBJC_MSGSEND = YES;
				GCC_C_LANGUAGE_STANDARD = gnu99;
				GCC_DYNAMIC_NO_PIC = NO;
				GCC_NO_COMMON_BLOCKS = YES;
				GCC_OPTIMIZATION_LEVEL = 0;
				GCC_PREPROCESSOR_DEFINITIONS = (
					"DEBUG=1",
					"$(inherited)",
				);
				GCC_SYMBOLS_PRIVATE_EXTERN = NO;
				GCC_WARN_64_TO_32_BIT_CONVERSION = YES;
				GCC_WARN_ABOUT_RETURN_TYPE = YES_ERROR;
				GCC_WARN_UNDECLARED_SELECTOR = YES;
				GCC_WARN_UNINITIALIZED_AUTOS = YES_AGGRESSIVE;
				GCC_WARN_UNUSED_FUNCTION = YES;
				GCC_WARN_UNUSED_VARIABLE = YES;
				IPHONEOS_DEPLOYMENT_TARGET = 8.3;
				MTL_ENABLE_DEBUG_INFO = YES;
				ONLY_ACTIVE_ARCH = YES;
				SDKROOT = iphoneos;
				TARGETED_DEVICE_FAMILY = "1,2";
			};
			name = Debug;
		};
		183C5CD31B60259B0013AEB8 /* Release */ = {
			isa = XCBuildConfiguration;
			buildSettings = {
				ALWAYS_SEARCH_USER_PATHS = NO;
				CLANG_CXX_LANGUAGE_STANDARD = "gnu++0x";
				CLANG_CXX_LIBRARY = "libc++";
				CLANG_ENABLE_MODULES = YES;
				CLANG_ENABLE_OBJC_ARC = YES;
				CLANG_WARN_BOOL_CONVERSION = YES;
				CLANG_WARN_CONSTANT_CONVERSION = YES;
				CLANG_WARN_DIRECT_OBJC_ISA_USAGE = YES_ERROR;
				CLANG_WARN_EMPTY_BODY = YES;
				CLANG_WARN_ENUM_CONVERSION = YES;
				CLANG_WARN_INT_CONVERSION = YES;
				CLANG_WARN_OBJC_ROOT_CLASS = YES_ERROR;
				CLANG_WARN_UNREACHABLE_CODE = YES;
				CLANG_WARN__DUPLICATE_METHOD_MATCH = YES;
				"CODE_SIGN_IDENTITY[sdk=iphoneos*]" = "iPhone Developer";
				COPY_PHASE_STRIP = NO;
				DEBUG_INFORMATION_FORMAT = "dwarf-with-dsym";
				ENABLE_NS_ASSERTIONS = NO;
				ENABLE_STRICT_OBJC_MSGSEND = YES;
				GCC_C_LANGUAGE_STANDARD = gnu99;
				GCC_NO_COMMON_BLOCKS = YES;
				GCC_WARN_64_TO_32_BIT_CONVERSION = YES;
				GCC_WARN_ABOUT_RETURN_TYPE = YES_ERROR;
				GCC_WARN_UNDECLARED_SELECTOR = YES;
				GCC_WARN_UNINITIALIZED_AUTOS = YES_AGGRESSIVE;
				GCC_WARN_UNUSED_FUNCTION = YES;
				GCC_WARN_UNUSED_VARIABLE = YES;
				IPHONEOS_DEPLOYMENT_TARGET = 8.3;
				MTL_ENABLE_DEBUG_INFO = NO;
				SDKROOT = iphoneos;
				TARGETED_DEVICE_FAMILY = "1,2";
				VALIDATE_PRODUCT = YES;
			};
			name = Release;
		};
		183C5CD51B60259B0013AEB8 /* Debug */ = {
			isa = XCBuildConfiguration;
			baseConfigurationReference = BEF1A6ED0DB99408117B24C3 /* Pods-WeatherClass.debug.xcconfig */;
			buildSettings = {
				ASSETCATALOG_COMPILER_APPICON_NAME = AppIcon;
				INFOPLIST_FILE = WeatherClass/Info.plist;
				LD_RUNPATH_SEARCH_PATHS = "$(inherited) @executable_path/Frameworks";
				PRODUCT_NAME = "$(TARGET_NAME)";
			};
			name = Debug;
		};
		183C5CD61B60259B0013AEB8 /* Release */ = {
			isa = XCBuildConfiguration;
			baseConfigurationReference = 231A5C35377F5E74674E2839 /* Pods-WeatherClass.release.xcconfig */;
			buildSettings = {
				ASSETCATALOG_COMPILER_APPICON_NAME = AppIcon;
				INFOPLIST_FILE = WeatherClass/Info.plist;
				LD_RUNPATH_SEARCH_PATHS = "$(inherited) @executable_path/Frameworks";
				PRODUCT_NAME = "$(TARGET_NAME)";
			};
			name = Release;
		};
		183C5CD81B60259B0013AEB8 /* Debug */ = {
			isa = XCBuildConfiguration;
			buildSettings = {
				BUNDLE_LOADER = "$(TEST_HOST)";
				FRAMEWORK_SEARCH_PATHS = (
					"$(SDKROOT)/Developer/Library/Frameworks",
					"$(inherited)",
				);
				GCC_PREPROCESSOR_DEFINITIONS = (
					"DEBUG=1",
					"$(inherited)",
				);
				INFOPLIST_FILE = WeatherClassTests/Info.plist;
				LD_RUNPATH_SEARCH_PATHS = "$(inherited) @executable_path/Frameworks @loader_path/Frameworks";
				PRODUCT_NAME = "$(TARGET_NAME)";
				TEST_HOST = "$(BUILT_PRODUCTS_DIR)/WeatherClass.app/WeatherClass";
			};
			name = Debug;
		};
		183C5CD91B60259B0013AEB8 /* Release */ = {
			isa = XCBuildConfiguration;
			buildSettings = {
				BUNDLE_LOADER = "$(TEST_HOST)";
				FRAMEWORK_SEARCH_PATHS = (
					"$(SDKROOT)/Developer/Library/Frameworks",
					"$(inherited)",
				);
				INFOPLIST_FILE = WeatherClassTests/Info.plist;
				LD_RUNPATH_SEARCH_PATHS = "$(inherited) @executable_path/Frameworks @loader_path/Frameworks";
				PRODUCT_NAME = "$(TARGET_NAME)";
				TEST_HOST = "$(BUILT_PRODUCTS_DIR)/WeatherClass.app/WeatherClass";
			};
			name = Release;
		};
/* End XCBuildConfiguration section */

/* Begin XCConfigurationList section */
		183C5CAC1B60259A0013AEB8 /* Build configuration list for PBXProject "WeatherClass" */ = {
			isa = XCConfigurationList;
			buildConfigurations = (
				183C5CD21B60259B0013AEB8 /* Debug */,
				183C5CD31B60259B0013AEB8 /* Release */,
			);
			defaultConfigurationIsVisible = 0;
			defaultConfigurationName = Release;
		};
		183C5CD41B60259B0013AEB8 /* Build configuration list for PBXNativeTarget "WeatherClass" */ = {
			isa = XCConfigurationList;
			buildConfigurations = (
				183C5CD51B60259B0013AEB8 /* Debug */,
				183C5CD61B60259B0013AEB8 /* Release */,
			);
			defaultConfigurationIsVisible = 0;
			defaultConfigurationName = Release;
		};
		183C5CD71B60259B0013AEB8 /* Build configuration list for PBXNativeTarget "WeatherClassTests" */ = {
			isa = XCConfigurationList;
			buildConfigurations = (
				183C5CD81B60259B0013AEB8 /* Debug */,
				183C5CD91B60259B0013AEB8 /* Release */,
			);
			defaultConfigurationIsVisible = 0;
			defaultConfigurationName = Release;
		};
/* End XCConfigurationList section */
	};
	rootObject = 183C5CA91B60259A0013AEB8 /* Project object */;
}
